
Microsoft Visual Studio Solution File, Format Version 12.00
# Visual Studio Version 16
VisualStudioVersion = 16.0.29403.142
MinimumVisualStudioVersion = 10.0.40219.1
Project("{9A19103F-16F7-4668-BE54-9A1E7A4F7556}") = "beholder-stalk", "beholder-stalk\beholder-stalk.csproj", "{9DD62568-2E7A-48C1-A31E-3838277B223A}"
EndProject
Project("{9A19103F-16F7-4668-BE54-9A1E7A4F7556}") = "beholder-stalk-v2", "beholder-stalk-v2\beholder-stalk-v2.csproj", "{B9352B6B-5466-4151-A2E1-7120CF387577}"
EndProject
Project("{FAE04EC0-301F-11D3-BF4B-00C04F79EFBC}") = "beholder-stalk-v2-tests", "beholder-stalk-v2-tests\beholder-stalk-v2-tests.csproj", "{4257E33E-AAB2-45AB-BA87-EAF52EF93EAD}"
EndProject
Global
	GlobalSection(SolutionConfigurationPlatforms) = preSolution
		Debug|Any CPU = Debug|Any CPU
		Release|Any CPU = Release|Any CPU
	EndGlobalSection
	GlobalSection(ProjectConfigurationPlatforms) = postSolution
		{9DD62568-2E7A-48C1-A31E-3838277B223A}.Debug|Any CPU.ActiveCfg = Debug|Any CPU
		{9DD62568-2E7A-48C1-A31E-3838277B223A}.Debug|Any CPU.Build.0 = Debug|Any CPU
		{9DD62568-2E7A-48C1-A31E-3838277B223A}.Release|Any CPU.ActiveCfg = Release|Any CPU
		{9DD62568-2E7A-48C1-A31E-3838277B223A}.Release|Any CPU.Build.0 = Release|Any CPU
		{B9352B6B-5466-4151-A2E1-7120CF387577}.Debug|Any CPU.ActiveCfg = Debug|Any CPU
		{B9352B6B-5466-4151-A2E1-7120CF387577}.Debug|Any CPU.Build.0 = Debug|Any CPU
		{B9352B6B-5466-4151-A2E1-7120CF387577}.Release|Any CPU.ActiveCfg = Release|Any CPU
		{B9352B6B-5466-4151-A2E1-7120CF387577}.Release|Any CPU.Build.0 = Release|Any CPU
		{4257E33E-AAB2-45AB-BA87-EAF52EF93EAD}.Debug|Any CPU.ActiveCfg = Debug|Any CPU
		{4257E33E-AAB2-45AB-BA87-EAF52EF93EAD}.Debug|Any CPU.Build.0 = Debug|Any CPU
		{4257E33E-AAB2-45AB-BA87-EAF52EF93EAD}.Release|Any CPU.ActiveCfg = Release|Any CPU
		{4257E33E-AAB2-45AB-BA87-EAF52EF93EAD}.Release|Any CPU.Build.0 = Release|Any CPU
	EndGlobalSection
	GlobalSection(SolutionProperties) = preSolution
		HideSolutionNode = FALSE
	EndGlobalSection
	GlobalSection(ExtensibilityGlobals) = postSolution
		SolutionGuid = {96F7AE47-92D5-4645-9EBB-5ACCDE1D2E0B}
	EndGlobalSection
EndGlobal
