{
    "name": "beholder",
    "version": "0.0.1",
    "lockfileVersion": 1,
    "requires": true,
    "dependencies": {
        "@cspotcode/source-map-consumer": {
            "version": "0.8.0",
            "resolved": "https://registry.npmjs.org/@cspotcode/source-map-consumer/-/source-map-consumer-0.8.0.tgz",
            "integrity": "sha512-41qniHzTU8yAGbCp04ohlmSrZf8bkf/iJsl3V0dRGsQN/5GFfx+LbCSsCpp2gqrqjTVg/K6O8ycoV35JIwAzAg==",
            "dev": true
        },
        "@cspotcode/source-map-support": {
            "version": "0.6.1",
            "resolved": "https://registry.npmjs.org/@cspotcode/source-map-support/-/source-map-support-0.6.1.tgz",
            "integrity": "sha512-DX3Z+T5dt1ockmPdobJS/FAsQPW4V4SrWEhD2iYQT2Cb2tQsiMnYxrcUH9By/Z3B+v0S5LMBkQtV/XOBbpLEOg==",
            "dev": true,
            "requires": {
                "@cspotcode/source-map-consumer": "0.8.0"
            }
        },
        "@node-red-contrib-themes/dark": {
            "version": "2.0.3",
            "resolved": "https://registry.npmjs.org/@node-red-contrib-themes/dark/-/dark-2.0.3.tgz",
            "integrity": "sha512-QpHAg3TAb14ahI9KFff89g8EFzX5mPxTPoT8lMQtw6HVEiTBzk6F5BvmndlbaTnxQFxSNtX1jdIrU2WFRwoX7g=="
        },
        "@node-red-contrib-themes/midnight-red": {
            "version": "2.0.2",
            "resolved": "https://registry.npmjs.org/@node-red-contrib-themes/midnight-red/-/midnight-red-2.0.2.tgz",
            "integrity": "sha512-TdT55h5kJnoE8waPFv9wvzee5ihQoWjp5cwL4gGd2qXaurDEptyF58cInOuMIBbi4xi5eQRmy+G/nMOzJ3/FjQ=="
        },
        "@node-red-contrib-themes/oled": {
            "version": "2.0.3",
            "resolved": "https://registry.npmjs.org/@node-red-contrib-themes/oled/-/oled-2.0.3.tgz",
            "integrity": "sha512-4o0ibtE0mZiHVwtLQ99qK4W8Wv8D8rIToIVd6d1x1Vrh4rOpoiqdX6XqvvRZOTvk2tRYoKS6vRgjsAGrNoCzIQ=="
        },
        "@node-red-contrib-themes/solarized-dark": {
            "version": "2.0.3",
            "resolved": "https://registry.npmjs.org/@node-red-contrib-themes/solarized-dark/-/solarized-dark-2.0.3.tgz",
            "integrity": "sha512-Dm/6WzSN7HcfrO/79vSfOwppV0Sdhtr40glRd6It2hz46ibxfZB6Rn+HAR9YCnBVlpViz+giPZEx2ij/ZJYBvg=="
        },
        "@node-red-contrib-themes/solarized-light": {
            "version": "2.0.3",
            "resolved": "https://registry.npmjs.org/@node-red-contrib-themes/solarized-light/-/solarized-light-2.0.3.tgz",
            "integrity": "sha512-/wVnwAeS48ur2PKSx1fdzfadsL/jUk1wigBqrpY2N/XPodyQX7xpyLJE2q6pJcJxY2YaOmBRxat1wpUmgoHcEA=="
        },
        "@node-red-contrib-themes/theme-collection": {
            "version": "2.0.3",
            "resolved": "https://registry.npmjs.org/@node-red-contrib-themes/theme-collection/-/theme-collection-2.0.3.tgz",
            "integrity": "sha512-EEn7gW0INr3gnFYCXVO2ptkQFYw7q9dkZKCZ0uzOuwh2B1N5Ev4VDEON+5dAB0UrO+JTEGasjRJHJkhYLGHecQ==",
            "requires": {
                "@node-red-contrib-themes/dark": "2.0.3",
                "@node-red-contrib-themes/midnight-red": "2.0.2",
                "@node-red-contrib-themes/oled": "2.0.3",
                "@node-red-contrib-themes/solarized-dark": "2.0.3",
                "@node-red-contrib-themes/solarized-light": "2.0.3"
            }
        },
        "@tsconfig/node10": {
            "version": "1.0.8",
            "resolved": "https://registry.npmjs.org/@tsconfig/node10/-/node10-1.0.8.tgz",
            "integrity": "sha512-6XFfSQmMgq0CFLY1MslA/CPUfhIL919M1rMsa5lP2P097N2Wd1sSX0tx1u4olM16fLNhtHZpRhedZJphNJqmZg==",
            "dev": true
        },
        "@tsconfig/node12": {
            "version": "1.0.9",
            "resolved": "https://registry.npmjs.org/@tsconfig/node12/-/node12-1.0.9.tgz",
            "integrity": "sha512-/yBMcem+fbvhSREH+s14YJi18sp7J9jpuhYByADT2rypfajMZZN4WQ6zBGgBKp53NKmqI36wFYDb3yaMPurITw==",
            "dev": true
        },
        "@tsconfig/node14": {
            "version": "1.0.1",
            "resolved": "https://registry.npmjs.org/@tsconfig/node14/-/node14-1.0.1.tgz",
            "integrity": "sha512-509r2+yARFfHHE7T6Puu2jjkoycftovhXRqW328PDXTVGKihlb1P8Z9mMZH04ebyajfRY7dedfGynlrFHJUQCg==",
            "dev": true
        },
        "@tsconfig/node16": {
            "version": "1.0.2",
            "resolved": "https://registry.npmjs.org/@tsconfig/node16/-/node16-1.0.2.tgz",
            "integrity": "sha512-eZxlbI8GZscaGS7kkc/trHTT5xgrjH3/1n2JDwusC9iahPKWMRvRjJSAN5mCXviuTGQ/lHnhvv8Q1YTpnfz9gA==",
            "dev": true
        },
        "@types/ace": {
            "version": "0.0.47",
            "resolved": "https://registry.npmjs.org/@types/ace/-/ace-0.0.47.tgz",
            "integrity": "sha512-VoMFn09L8avwV0AGIaStj1MCJmgHKiPAGZYnmeHYp4Pz+ov4h/F61LJNFvq4d4K+YZmk0ClWByCDU81kZyCfoA==",
            "dev": true
        },
        "@types/body-parser": {
            "version": "1.19.1",
            "resolved": "https://registry.npmjs.org/@types/body-parser/-/body-parser-1.19.1.tgz",
            "integrity": "sha512-a6bTJ21vFOGIkwM0kzh9Yr89ziVxq4vYH2fQ6N8AeipEzai/cFK6aGMArIkUeIdRIgpwQa+2bXiLuUJCpSf2Cg==",
            "dev": true,
            "requires": {
                "@types/connect": "*",
                "@types/node": "*"
            }
        },
        "@types/connect": {
            "version": "3.4.35",
            "resolved": "https://registry.npmjs.org/@types/connect/-/connect-3.4.35.tgz",
            "integrity": "sha512-cdeYyv4KWoEgpBISTxWvqYsVy444DOqehiF3fM3ne10AmJ62RSyNkUnxMJXHQWRQQX2eR94m5y1IZyDwBjV9FQ==",
            "dev": true,
            "requires": {
                "@types/node": "*"
            }
        },
        "@types/cors": {
            "version": "2.8.12",
            "resolved": "https://registry.npmjs.org/@types/cors/-/cors-2.8.12.tgz",
            "integrity": "sha512-vt+kDhq/M2ayberEtJcIN/hxXy1Pk+59g2FV/ZQceeaTyCtCucjL2Q7FXlFjtWn4n15KCr1NE2lNNFhp0lEThw==",
            "dev": true
        },
        "@types/express": {
            "version": "4.17.13",
            "resolved": "https://registry.npmjs.org/@types/express/-/express-4.17.13.tgz",
            "integrity": "sha512-6bSZTPaTIACxn48l50SR+axgrqm6qXFIxrdAKaG6PaJk3+zuUr35hBlgT7vOmJcum+OEaIBLtHV/qloEAFITeA==",
            "dev": true,
            "requires": {
                "@types/body-parser": "*",
                "@types/express-serve-static-core": "^4.17.18",
                "@types/qs": "*",
                "@types/serve-static": "*"
            }
        },
        "@types/express-serve-static-core": {
            "version": "4.17.24",
            "resolved": "https://registry.npmjs.org/@types/express-serve-static-core/-/express-serve-static-core-4.17.24.tgz",
            "integrity": "sha512-3UJuW+Qxhzwjq3xhwXm2onQcFHn76frIYVbTu+kn24LFxI+dEhdfISDFovPB8VpEgW8oQCTpRuCe+0zJxB7NEA==",
            "dev": true,
            "requires": {
                "@types/node": "*",
                "@types/qs": "*",
                "@types/range-parser": "*"
            }
        },
        "@types/jquery": {
            "version": "3.5.6",
            "resolved": "https://registry.npmjs.org/@types/jquery/-/jquery-3.5.6.tgz",
            "integrity": "sha512-SmgCQRzGPId4MZQKDj9Hqc6kSXFNWZFHpELkyK8AQhf8Zr6HKfCzFv9ZC1Fv3FyQttJZOlap3qYb12h61iZAIg==",
            "dev": true,
            "requires": {
                "@types/sizzle": "*"
            }
        },
        "@types/mime": {
            "version": "1.3.2",
            "resolved": "https://registry.npmjs.org/@types/mime/-/mime-1.3.2.tgz",
            "integrity": "sha512-YATxVxgRqNH6nHEIsvg6k2Boc1JHI9ZbH5iWFFv/MTkchz3b1ieGDa5T0a9RznNdI0KhVbdbWSN+KWWrQZRxTw==",
            "dev": true
        },
        "@types/node": {
            "version": "16.7.3",
            "resolved": "https://registry.npmjs.org/@types/node/-/node-16.7.3.tgz",
            "integrity": "sha512-S6gm2sm9xIRWTxD7Ttj8N1ZrYfqdqZEU38Nwnrhd6krk7zf8vdgMgzz8hpAX9CfmXaJfP+Vqy2EhJpVavNEocg==",
            "dev": true
        },
        "@types/node-red": {
            "version": "1.1.1",
            "resolved": "https://registry.npmjs.org/@types/node-red/-/node-red-1.1.1.tgz",
            "integrity": "sha512-ePusasml1Wc7v/LWCD+804b3ROX8rlztxDDGu3fS4eq8cVNg8vsKwmioRvsFwYv6DVfEd9CAOh5Bn4n1qsocjQ==",
            "dev": true,
            "requires": {
                "@types/express": "*",
                "@types/node-red__editor-api": "*",
                "@types/node-red__editor-client": "*",
                "@types/node-red__registry": "*",
                "@types/node-red__runtime": "*",
                "@types/node-red__util": "*"
            }
        },
        "@types/node-red__editor-api": {
            "version": "1.1.1",
            "resolved": "https://registry.npmjs.org/@types/node-red__editor-api/-/node-red__editor-api-1.1.1.tgz",
            "integrity": "sha512-O7MNsGwNWDY89sPxVjo2zXGfm8bw4owXrD4akp2NmM1cmrj6XvRKEu99Apw/RjZvteBFpxvLSVtOnYYPj4C7wg==",
            "dev": true,
            "requires": {
                "@types/express": "*",
                "@types/node-red__runtime": "*"
            }
        },
        "@types/node-red__editor-client": {
            "version": "1.1.4",
            "resolved": "https://registry.npmjs.org/@types/node-red__editor-client/-/node-red__editor-client-1.1.4.tgz",
            "integrity": "sha512-gLbgDRLxOWQJJ/ZchKdBXzfZQ1exMvyUSZ1NyuWrP+DZmJKrsddArhGgUgBOOE4umSsVM3MjDWTKFvukJ+rG6g==",
            "dev": true,
            "requires": {
                "@types/ace": "*",
                "@types/jquery": "*",
                "@types/node-red__runtime": "*",
                "@types/node-red__util": "*"
            }
        },
        "@types/node-red__registry": {
            "version": "1.1.4",
            "resolved": "https://registry.npmjs.org/@types/node-red__registry/-/node-red__registry-1.1.4.tgz",
            "integrity": "sha512-vybG2yM59QvXhIxyE+eAaKMCvO6Tm2h/bqSfpoyN4kxoF5wVws+RWBVODKSFLv1Apx83yX3mJD4C7E7YXIpFSg==",
            "dev": true,
            "requires": {
                "@types/express": "*",
                "@types/node-red__runtime": "*",
                "@types/node-red__util": "*"
            }
        },
        "@types/node-red__runtime": {
            "version": "1.1.3",
            "resolved": "https://registry.npmjs.org/@types/node-red__runtime/-/node-red__runtime-1.1.3.tgz",
            "integrity": "sha512-LOx+7gcsm3nq+4KXqC3FycEBijQ9XAbM4dJkOyky8vvM3ROcuxLIiOfzVmogSACHObfwX0phADBlz/JTeA+l9A==",
            "dev": true,
            "requires": {
                "@types/cors": "*",
                "@types/express": "*",
                "@types/node-red__editor-api": "*",
                "@types/node-red__util": "*",
                "@types/passport": "*"
            }
        },
        "@types/node-red__util": {
            "version": "1.1.2",
            "resolved": "https://registry.npmjs.org/@types/node-red__util/-/node-red__util-1.1.2.tgz",
            "integrity": "sha512-XQsLKNdohotO4qUQtcMYen/c6hGSldrr48QuQy5oUnNdPpVtiT6GBFKcIuxXhTPiobmJkvwm9qgC6EwY+reIvw==",
            "dev": true,
            "requires": {
                "@types/node-red__registry": "*",
                "@types/node-red__runtime": "*",
                "jsonata": "1.8.3"
            }
        },
        "@types/passport": {
            "version": "1.0.7",
            "resolved": "https://registry.npmjs.org/@types/passport/-/passport-1.0.7.tgz",
            "integrity": "sha512-JtswU8N3kxBYgo+n9of7C97YQBT+AYPP2aBfNGTzABqPAZnK/WOAaKfh3XesUYMZRrXFuoPc2Hv0/G/nQFveHw==",
            "dev": true,
            "requires": {
                "@types/express": "*"
            }
        },
        "@types/qs": {
            "version": "6.9.7",
            "resolved": "https://registry.npmjs.org/@types/qs/-/qs-6.9.7.tgz",
            "integrity": "sha512-FGa1F62FT09qcrueBA6qYTrJPVDzah9a+493+o2PCXsesWHIn27G98TsSMs3WPNbZIEj4+VJf6saSFpvD+3Zsw==",
            "dev": true
        },
        "@types/range-parser": {
            "version": "1.2.4",
            "resolved": "https://registry.npmjs.org/@types/range-parser/-/range-parser-1.2.4.tgz",
            "integrity": "sha512-EEhsLsD6UsDM1yFhAvy0Cjr6VwmpMWqFBCb9w07wVugF7w9nfajxLuVmngTIpgS6svCnm6Vaw+MZhoDCKnOfsw==",
            "dev": true
        },
        "@types/serve-static": {
            "version": "1.13.10",
            "resolved": "https://registry.npmjs.org/@types/serve-static/-/serve-static-1.13.10.tgz",
            "integrity": "sha512-nCkHGI4w7ZgAdNkrEu0bv+4xNV/XDqW+DydknebMOQwkpDGx8G+HTlj7R7ABI8i8nKxVw0wtKPi1D+lPOkh4YQ==",
            "dev": true,
            "requires": {
                "@types/mime": "^1",
                "@types/node": "*"
            }
        },
        "@types/sizzle": {
            "version": "2.3.3",
            "resolved": "https://registry.npmjs.org/@types/sizzle/-/sizzle-2.3.3.tgz",
            "integrity": "sha512-JYM8x9EGF163bEyhdJBpR2QX1R5naCJHC8ucJylJ3w9/CVBaskdQ8WqBf8MmQrd1kRvp/a4TS8HJ+bxzR7ZJYQ==",
            "dev": true
        },
        "acorn": {
            "version": "8.4.1",
            "resolved": "https://registry.npmjs.org/acorn/-/acorn-8.4.1.tgz",
            "integrity": "sha512-asabaBSkEKosYKMITunzX177CXxQ4Q8BSSzMTKD+FefUhipQC70gfW5SiUDhYQ3vk8G+81HqQk7Fv9OXwwn9KA==",
            "dev": true
        },
        "acorn-walk": {
            "version": "8.1.1",
            "resolved": "https://registry.npmjs.org/acorn-walk/-/acorn-walk-8.1.1.tgz",
            "integrity": "sha512-FbJdceMlPHEAWJOILDk1fXD8lnTlEIWFkqtfk+MvmL5q/qlHfN7GEHcsFZWt/Tea9jRNPWUZG4G976nqAAmU9w==",
            "dev": true
        },
        "arg": {
            "version": "4.1.3",
            "resolved": "https://registry.npmjs.org/arg/-/arg-4.1.3.tgz",
            "integrity": "sha512-58S9QDqG0Xx27YwPSt9fJxivjYl432YCwfDMfZ+71RAqUrZef7LrKQZ3LHLOwCS4FLNBplP533Zx895SeOCHvA==",
            "dev": true
        },
        "async": {
            "version": "3.2.1",
            "resolved": "https://registry.npmjs.org/async/-/async-3.2.1.tgz",
            "integrity": "sha512-XdD5lRO/87udXCMC9meWdYiR+Nq6ZjUfXidViUZGu2F1MO4T3XwZ1et0hb2++BgLfhyJwy44BGB/yx80ABx8hg=="
        },
        "cluster-key-slot": {
            "version": "1.1.0",
            "resolved": "https://registry.npmjs.org/cluster-key-slot/-/cluster-key-slot-1.1.0.tgz",
            "integrity": "sha512-2Nii8p3RwAPiFwsnZvukotvow2rIHM+yQ6ZcBXGHdniadkYGZYiGmkHJIbZPIV9nfv7m/U1IPMVVcAhoWFeklw=="
        },
        "coord-parser": {
            "version": "1.0.0",
            "resolved": "https://registry.npmjs.org/coord-parser/-/coord-parser-1.0.0.tgz",
            "integrity": "sha1-6tvPGSyyscM57ngC+xSDR2lJAkI="
        },
        "create-require": {
            "version": "1.1.1",
            "resolved": "https://registry.npmjs.org/create-require/-/create-require-1.1.1.tgz",
            "integrity": "sha512-dcKFX3jn0MpIaXjisoRvexIJVEKzaq7z2rZKxf+MSr9TkdmHmsU4m2lcLojrj/FHl8mk5VxMmYA+ftRkP/3oKQ==",
            "dev": true
        },
        "cronosjs": {
            "version": "1.7.1",
            "resolved": "https://registry.npmjs.org/cronosjs/-/cronosjs-1.7.1.tgz",
            "integrity": "sha512-d6S6+ep7dJxsAG8OQQCdKuByI/S/AV64d9OF5mtmcykOyPu92cAkAnF3Tbc9s5oOaLQBYYQmTNvjqYRkPJ/u5Q=="
        },
        "cronstrue": {
            "version": "1.115.0",
            "resolved": "https://registry.npmjs.org/cronstrue/-/cronstrue-1.115.0.tgz",
            "integrity": "sha512-OChqx0S1zo31I2AlmLYld9TO2n7sRIHcf/TCj/MGe61KBG/V1KI/qUSUwa+phya1/tuDmwDt7xyDzqjF9O7G3Q=="
        },
        "debug": {
            "version": "3.2.7",
            "resolved": "https://registry.npmjs.org/debug/-/debug-3.2.7.tgz",
            "integrity": "sha512-CFjzYYAi4ThfiQvizrFQevTTXHtnCqWfe7x1AhgEscTz6ZbLbfoLRLPugTQyBth6f8ZERVUSyWHFD/7Wu4t1XQ==",
            "requires": {
                "ms": "^2.1.1"
            }
        },
        "denque": {
            "version": "1.5.0",
            "resolved": "https://registry.npmjs.org/denque/-/denque-1.5.0.tgz",
            "integrity": "sha512-CYiCSgIF1p6EUByQPlGkKnP1M9g0ZV3qMIrqMqZqdwazygIA/YP2vrbcyl1h/WppKJTdl1F85cXIle+394iDAQ=="
        },
        "diff": {
            "version": "4.0.2",
            "resolved": "https://registry.npmjs.org/diff/-/diff-4.0.2.tgz",
            "integrity": "sha512-58lmxKSA4BNyLz+HHMUzlOEpg09FV+ev6ZMe3vJihgdxzgcwZ8VoEEPmALCZG9LmqfVoNMMKpttIYTVG6uDY7A==",
            "dev": true
        },
        "iconv-lite": {
            "version": "0.6.3",
            "resolved": "https://registry.npmjs.org/iconv-lite/-/iconv-lite-0.6.3.tgz",
            "integrity": "sha512-4fCk79wshMdzMp2rH06qWrJE4iolqLhCUH+OiuIgU++RB0+94NlDL81atO7GX55uUKueo0txHNtvEyI6D7WdMw==",
            "requires": {
                "safer-buffer": ">= 2.1.2 < 3.0.0"
            }
        },
        "ioredis": {
            "version": "4.27.7",
            "resolved": "https://registry.npmjs.org/ioredis/-/ioredis-4.27.7.tgz",
            "integrity": "sha512-lqvFFmUyGIHlrNyDvBoakzy1+ioJzNyoP6CP97GWtdTjWq9IOAnv6l0HUTsqhvd/z9etGgtrDHZ4kWCMAwNkug==",
            "requires": {
                "cluster-key-slot": "^1.1.0",
                "debug": "^4.3.1",
                "denque": "^1.1.0",
                "lodash.defaults": "^4.2.0",
                "lodash.flatten": "^4.4.0",
                "lodash.isarguments": "^3.1.0",
                "p-map": "^2.1.0",
                "redis-commands": "1.7.0",
                "redis-errors": "^1.2.0",
                "redis-parser": "^3.0.0",
                "standard-as-callback": "^2.1.0"
            },
            "dependencies": {
                "debug": {
                    "version": "4.3.2",
                    "resolved": "https://registry.npmjs.org/debug/-/debug-4.3.2.tgz",
                    "integrity": "sha512-mOp8wKcvj7XxC78zLgw/ZA+6TSgkoE2C/ienthhRD298T7UNwAg9diBpLRxC0mOezLl4B0xV7M0cCO6P/O0Xhw==",
                    "requires": {
                        "ms": "2.1.2"
                    }
                },
                "ms": {
                    "version": "2.1.2",
                    "resolved": "https://registry.npmjs.org/ms/-/ms-2.1.2.tgz",
                    "integrity": "sha512-sGkPx+VjMtmA6MX27oA4FBFELFCZZ4S4XqeGOXCv68tT+jb3vk/RyaKWP0PTKyWtmLSM0b+adUTEvbs1PEaH2w=="
                }
            }
        },
        "jimp-compact": {
            "version": "0.10.3",
            "resolved": "https://registry.npmjs.org/jimp-compact/-/jimp-compact-0.10.3.tgz",
            "integrity": "sha512-Rq0s8BNY0+jcgHpyt+XSfNGhtxHtSo1zNTgwn/XBc2C46sdfV6FVBdtSaVpX3Eoez7PyVjYl3AXq4A4bQEIA+A=="
        },
        "jsonata": {
            "version": "1.8.3",
            "resolved": "https://registry.npmjs.org/jsonata/-/jsonata-1.8.3.tgz",
            "integrity": "sha512-r6ztI6ohbpRo77AxBm6vMs3aHZi2L2PaakW7TCPwSkeGcuAZ/SxXGLWH2Npwqq5+YBM/fg/g0EXg/pI9HvXQ8Q==",
            "dev": true
        },
        "loadavg-windows": {
            "version": "1.1.1",
            "resolved": "https://registry.npmjs.org/loadavg-windows/-/loadavg-windows-1.1.1.tgz",
            "integrity": "sha512-ncSyH121LuN6OENPSohTAS2W85J3NYVIfjsVcK4spViQbHlQUXhGKd8VYhrqWyjtwwSTw4g3rrDraNoSJWRLgw==",
            "requires": {
                "weak-daemon": "1.0.3"
            }
        },
        "lodash": {
            "version": "4.17.21",
            "resolved": "https://registry.npmjs.org/lodash/-/lodash-4.17.21.tgz",
            "integrity": "sha512-v2kDEe57lecTulaDIuNTPy3Ry4gLGJ6Z1O3vE1krgXZNrsQ+LFTGHVxVjcXPs17LhbZVGedAJv8XZ1tvj5FvSg=="
        },
        "lodash.defaults": {
            "version": "4.2.0",
            "resolved": "https://registry.npmjs.org/lodash.defaults/-/lodash.defaults-4.2.0.tgz",
            "integrity": "sha1-0JF4cW/+pN3p5ft7N/bwgCJ0WAw="
        },
        "lodash.flatten": {
            "version": "4.4.0",
            "resolved": "https://registry.npmjs.org/lodash.flatten/-/lodash.flatten-4.4.0.tgz",
            "integrity": "sha1-8xwiIlqWMtK7+OSt2+8kCqdlph8="
        },
        "lodash.isarguments": {
            "version": "3.1.0",
            "resolved": "https://registry.npmjs.org/lodash.isarguments/-/lodash.isarguments-3.1.0.tgz",
            "integrity": "sha1-L1c9hcaiQon/AGY7SRwdM4/zRYo="
        },
        "luxon": {
            "version": "1.28.0",
            "resolved": "https://registry.npmjs.org/luxon/-/luxon-1.28.0.tgz",
            "integrity": "sha512-TfTiyvZhwBYM/7QdAVDh+7dBTBA29v4ik0Ce9zda3Mnf8on1S5KJI8P2jKFZ8+5C0jhmr0KwJEO/Wdpm0VeWJQ=="
        },
        "make-error": {
            "version": "1.3.6",
            "resolved": "https://registry.npmjs.org/make-error/-/make-error-1.3.6.tgz",
            "integrity": "sha512-s8UhlNe7vPKomQhC1qFelMokr/Sc3AgNbso3n74mVPA5LTZwkB9NlXf4XPamLxJE8h0gh73rM94xvwRT2CVInw==",
            "dev": true
        },
        "ms": {
            "version": "2.1.3",
            "resolved": "https://registry.npmjs.org/ms/-/ms-2.1.3.tgz",
            "integrity": "sha512-6FlzubTLZG3J2a/NVCAleEhjzq5oxgHyaCU9yYXvcLsvoVaHJq/s5xXI6/XXP6tz7R9xAOtHnSO/tXtF3WRTlA=="
        },
        "node-disk-info": {
            "version": "1.3.0",
            "resolved": "https://registry.npmjs.org/node-disk-info/-/node-disk-info-1.3.0.tgz",
            "integrity": "sha512-NEx858vJZ0AoBtmD/ChBIHLjFTF28xCsDIgmFl4jtGKsvlUx9DU/OrMDjvj3qp/E4hzLN0HvTg7eJx5XFQvbeg==",
            "requires": {
                "iconv-lite": "^0.6.2"
            }
        },
        "node-fetch": {
            "version": "2.6.1",
            "resolved": "https://registry.npmjs.org/node-fetch/-/node-fetch-2.6.1.tgz",
            "integrity": "sha512-V4aYg89jEoVRxRb2fJdAg8FHvI7cEyYdVAh94HH0UIK8oJxUfkjlDQN9RbMx+bEjP7+ggMiFRprSti032Oipxw=="
        },
        "node-red-contrib-beholder": {
            "version": "file:node-red-contrib-beholder",
            "requires": {
                "lodash": "^4.17.21",
                "node-fetch": "^2.6.1"
            }
        },
        "node-red-contrib-cron-plus": {
            "version": "1.5.4",
            "resolved": "https://registry.npmjs.org/node-red-contrib-cron-plus/-/node-red-contrib-cron-plus-1.5.4.tgz",
            "integrity": "sha512-8UcKFqB0poqmX4AAVKheHNB31pZbV6iIUJxA+QNSYKSj3Itq4Gze2zZbeOJuGriaFXJFR1v31NCHGIgLOO/tWw==",
            "requires": {
                "coord-parser": "^1.0.0",
                "cronosjs": "^1.7.1",
                "cronstrue": "^1.111.0",
                "pretty-ms": "^7.0.1",
                "suncalc2": "^1.8.1"
            }
        },
        "node-red-contrib-image-output": {
            "version": "0.6.3",
            "resolved": "https://registry.npmjs.org/node-red-contrib-image-output/-/node-red-contrib-image-output-0.6.3.tgz",
            "integrity": "sha512-bH43bjfGf4K3r+ezuPd6pEW1J258eGMzeOMd7YRbBIaY+oGeTBHyEawpy+J0wjCUKTejEeWVtFCgZ+nGuERxsQ==",
            "requires": {
                "jimp-compact": "~0.10.1"
            }
        },
        "node-red-contrib-os": {
            "version": "0.2.1",
            "resolved": "https://registry.npmjs.org/node-red-contrib-os/-/node-red-contrib-os-0.2.1.tgz",
            "integrity": "sha512-/2WG2526SiqwtZe/sJElqUwriZv72G0nz4nIa0IyQeSlPaOXYhymeDBZBsSDD3jaSH/aBJ5VTY63FDPiWLSfCA==",
            "requires": {
                "loadavg-windows": "^1.1.1",
                "node-disk-info": "^1.3.0"
            }
        },
        "node-red-contrib-process-env": {
            "version": "0.2.5",
            "resolved": "https://registry.npmjs.org/node-red-contrib-process-env/-/node-red-contrib-process-env-0.2.5.tgz",
            "integrity": "sha512-he+Lt+OWVs4jSASgAeXLt1c+9ICPY2Jn+gTFOuOZVs4D9Zd0vshOP1B64IBLc5yj0iI6kGWcK2PM8vNpwbumzA=="
        },
        "node-red-contrib-redis": {
            "version": "1.3.9",
            "resolved": "https://registry.npmjs.org/node-red-contrib-redis/-/node-red-contrib-redis-1.3.9.tgz",
            "integrity": "sha512-gV+68qR0yUQAUiZxAcTcuPdiL4tKuD9bm/2L4x/NNwGA36Zguzc9kaZx6Q6iaZw9oSNvKiJaTSB6XLyEpbdAAw==",
            "requires": {
                "async": "^3.2.0",
                "ioredis": "^4.22.0"
            }
        },
        "node-red-contrib-sunevents": {
            "version": "3.0.3",
            "resolved": "https://registry.npmjs.org/node-red-contrib-sunevents/-/node-red-contrib-sunevents-3.0.3.tgz",
            "integrity": "sha512-47mvuGrLzxpcSHrVn9hnyYLc+U7Qp1eX0kzpgE9Nmya8ogzTksJcG0eZ+spewjWTv+WKpunPYgV3rwqrTqZ51A==",
            "requires": {
                "debug": "^3.2.6",
                "luxon": "^1.25.0",
                "suncalc": "^1.8.0",
                "uuid": "^8.3.2"
            }
        },
        "node-red-contrib-throttle": {
            "version": "0.1.7",
            "resolved": "https://registry.npmjs.org/node-red-contrib-throttle/-/node-red-contrib-throttle-0.1.7.tgz",
            "integrity": "sha512-rMo4hV5M0OuLm0Qsm0Cr1RYq5q/DPewtV6PG2+5cLw8Hb/h+2uNXf6NHqdsANzd7gYLqiNdRsOeiWn7BuZ6+6w=="
        },
        "node-red-contrib-weekday": {
            "version": "0.1.0",
            "resolved": "https://registry.npmjs.org/node-red-contrib-weekday/-/node-red-contrib-weekday-0.1.0.tgz",
            "integrity": "sha512-nNyIsVSxelUWhoUDKKMpaCwJLMNg2oNg2ZO0aluykTFMU6h+zr7dj8KQzv2CaUiJMu/9TnzUmbkQwofstWnTgg=="
        },
        "node-red-node-email": {
            "version": "1.12.3",
            "resolved": "https://registry.npmjs.org/node-red-node-email/-/node-red-node-email-1.12.3.tgz",
            "integrity": "sha512-w1giL2iWgFWhC+GSnB78MkBjCyvbo45KtFugpRtMKoryDDy6YOUqLCEqEgGLH514FyrEdiaHTqZHtxg2Nk436A==",
            "requires": {
                "imap": "^0.8.19",
                "mailparser": "^3.2.0",
                "nodemailer": "~6.6.3",
                "poplib": "^0.1.7",
                "smtp-server": "^3.9.0"
            },
            "dependencies": {
                "base32.js": {
                    "version": "0.1.0",
                    "bundled": true
                },
                "core-util-is": {
                    "version": "1.0.2",
                    "bundled": true
                },
                "deepmerge": {
                    "version": "4.2.2",
                    "bundled": true
                },
                "dom-serializer": {
                    "version": "1.3.1",
                    "bundled": true,
                    "requires": {
                        "domelementtype": "^2.0.1",
                        "domhandler": "^4.0.0",
                        "entities": "^2.0.0"
                    }
                },
                "domelementtype": {
                    "version": "2.2.0",
                    "bundled": true
                },
                "domhandler": {
                    "version": "4.1.0",
                    "bundled": true,
                    "requires": {
                        "domelementtype": "^2.2.0"
                    }
                },
                "domutils": {
                    "version": "2.5.2",
                    "bundled": true,
                    "requires": {
                        "dom-serializer": "^1.0.1",
                        "domelementtype": "^2.2.0",
                        "domhandler": "^4.1.0"
                    }
                },
                "encoding-japanese": {
                    "version": "1.0.30",
                    "bundled": true
                },
                "entities": {
                    "version": "2.2.0",
                    "bundled": true
                },
                "he": {
                    "version": "1.2.0",
                    "bundled": true
                },
                "html-to-text": {
                    "version": "7.0.0",
                    "bundled": true,
                    "requires": {
                        "deepmerge": "^4.2.2",
                        "he": "^1.2.0",
                        "htmlparser2": "^6.0.0",
                        "minimist": "^1.2.5"
                    }
                },
                "htmlparser2": {
                    "version": "6.1.0",
                    "bundled": true,
                    "requires": {
                        "domelementtype": "^2.0.1",
                        "domhandler": "^4.0.0",
                        "domutils": "^2.5.2",
                        "entities": "^2.0.0"
                    }
                },
                "iconv-lite": {
                    "version": "0.6.2",
                    "bundled": true,
                    "requires": {
                        "safer-buffer": ">= 2.1.2 < 3.0.0"
                    }
                },
                "imap": {
                    "version": "0.8.19",
                    "bundled": true,
                    "requires": {
                        "readable-stream": "1.1.x",
                        "utf7": ">=1.0.2"
                    }
                },
                "inherits": {
                    "version": "2.0.4",
                    "bundled": true
                },
                "ipv6-normalize": {
                    "version": "1.0.1",
                    "bundled": true
                },
                "isarray": {
                    "version": "0.0.1",
                    "bundled": true
                },
                "libbase64": {
                    "version": "1.2.1",
                    "bundled": true
                },
                "libmime": {
                    "version": "5.0.0",
                    "bundled": true,
                    "requires": {
                        "encoding-japanese": "1.0.30",
                        "iconv-lite": "0.6.2",
                        "libbase64": "1.2.1",
                        "libqp": "1.1.0"
                    }
                },
                "libqp": {
                    "version": "1.1.0",
                    "bundled": true
                },
                "linkify-it": {
                    "version": "3.0.2",
                    "bundled": true,
                    "requires": {
                        "uc.micro": "^1.0.1"
                    }
                },
                "mailparser": {
                    "version": "3.2.0",
                    "bundled": true,
                    "requires": {
                        "encoding-japanese": "1.0.30",
                        "he": "1.2.0",
                        "html-to-text": "7.0.0",
                        "iconv-lite": "0.6.2",
                        "libmime": "5.0.0",
                        "linkify-it": "3.0.2",
                        "mailsplit": "5.0.1",
                        "nodemailer": "6.5.0",
                        "tlds": "1.219.0"
                    },
                    "dependencies": {
                        "nodemailer": {
                            "version": "6.5.0",
                            "bundled": true
                        }
                    }
                },
                "mailsplit": {
                    "version": "5.0.1",
                    "bundled": true,
                    "requires": {
                        "libbase64": "1.2.1",
                        "libmime": "5.0.0",
                        "libqp": "1.1.0"
                    }
                },
                "minimist": {
                    "version": "1.2.5",
                    "bundled": true
                },
                "nodemailer": {
                    "version": "6.6.3",
                    "bundled": true
                },
                "optimist": {
                    "version": "0.6.1",
                    "bundled": true,
                    "requires": {
                        "minimist": "~0.0.1",
                        "wordwrap": "~0.0.2"
                    },
                    "dependencies": {
                        "minimist": {
                            "version": "0.0.10",
                            "bundled": true
                        }
                    }
                },
                "poplib": {
                    "version": "0.1.7",
                    "bundled": true,
                    "requires": {
                        "optimist": "*"
                    }
                },
                "readable-stream": {
                    "version": "1.1.14",
                    "bundled": true,
                    "requires": {
                        "core-util-is": "~1.0.0",
                        "inherits": "~2.0.1",
                        "isarray": "0.0.1",
                        "string_decoder": "~0.10.x"
                    }
                },
                "safer-buffer": {
                    "version": "2.1.2",
                    "bundled": true
                },
                "semver": {
                    "version": "5.3.0",
                    "bundled": true
                },
                "smtp-server": {
                    "version": "3.9.0",
                    "bundled": true,
                    "requires": {
                        "base32.js": "0.1.0",
                        "ipv6-normalize": "1.0.1",
                        "nodemailer": "6.6.1"
                    },
                    "dependencies": {
                        "nodemailer": {
                            "version": "6.6.1",
                            "bundled": true
                        }
                    }
                },
                "string_decoder": {
                    "version": "0.10.31",
                    "bundled": true
                },
                "tlds": {
                    "version": "1.219.0",
                    "bundled": true
                },
                "uc.micro": {
                    "version": "1.0.6",
                    "bundled": true
                },
                "utf7": {
                    "version": "1.0.2",
                    "bundled": true,
                    "requires": {
                        "semver": "~5.3.0"
                    }
                },
                "wordwrap": {
                    "version": "0.0.3",
                    "bundled": true
                }
            }
        },
        "node-red-node-random": {
            "version": "0.4.0",
            "resolved": "https://registry.npmjs.org/node-red-node-random/-/node-red-node-random-0.4.0.tgz",
            "integrity": "sha512-je4GNiN9KG4EiYffrphuDog0wUoIUymJHfgoH1YbHL9BdqW1gB5sm1YP9hsMSCJ/SgFWQiSZU6xY6H1nw4/qeA=="
        },
        "p-map": {
            "version": "2.1.0",
            "resolved": "https://registry.npmjs.org/p-map/-/p-map-2.1.0.tgz",
            "integrity": "sha512-y3b8Kpd8OAN444hxfBbFfj1FY/RjtTd8tzYwhUqNYXx0fXx2iX4maP4Qr6qhIKbQXI02wTLAda4fYUbDagTUFw=="
        },
        "parse-ms": {
            "version": "2.1.0",
            "resolved": "https://registry.npmjs.org/parse-ms/-/parse-ms-2.1.0.tgz",
            "integrity": "sha512-kHt7kzLoS9VBZfUsiKjv43mr91ea+U05EyKkEtqp7vNbHxmaVuEqN7XxeEVnGrMtYOAxGrDElSi96K7EgO1zCA=="
        },
        "pretty-ms": {
            "version": "7.0.1",
            "resolved": "https://registry.npmjs.org/pretty-ms/-/pretty-ms-7.0.1.tgz",
            "integrity": "sha512-973driJZvxiGOQ5ONsFhOF/DtzPMOMtgC11kCpUrPGMTgqp2q/1gwzCquocrN33is0VZ5GFHXZYMM9l6h67v2Q==",
            "requires": {
                "parse-ms": "^2.1.0"
            }
        },
        "redis-commands": {
            "version": "1.7.0",
            "resolved": "https://registry.npmjs.org/redis-commands/-/redis-commands-1.7.0.tgz",
            "integrity": "sha512-nJWqw3bTFy21hX/CPKHth6sfhZbdiHP6bTawSgQBlKOVRG7EZkfHbbHwQJnrE4vsQf0CMNE+3gJ4Fmm16vdVlQ=="
        },
        "redis-errors": {
            "version": "1.2.0",
            "resolved": "https://registry.npmjs.org/redis-errors/-/redis-errors-1.2.0.tgz",
            "integrity": "sha1-62LSrbFeTq9GEMBK/hUpOEJQq60="
        },
        "redis-parser": {
            "version": "3.0.0",
            "resolved": "https://registry.npmjs.org/redis-parser/-/redis-parser-3.0.0.tgz",
            "integrity": "sha1-tm2CjNyv5rS4pCin3vTGvKwxyLQ=",
            "requires": {
                "redis-errors": "^1.0.0"
            }
        },
        "safer-buffer": {
            "version": "2.1.2",
            "resolved": "https://registry.npmjs.org/safer-buffer/-/safer-buffer-2.1.2.tgz",
            "integrity": "sha512-YZo3K82SD7Riyi0E1EQPojLz7kpepnSQI9IyPbHHg1XXXevb5dJI7tpyN2ADxGcQbHG7vcyRHk0cbwqcQriUtg=="
        },
        "standard-as-callback": {
            "version": "2.1.0",
            "resolved": "https://registry.npmjs.org/standard-as-callback/-/standard-as-callback-2.1.0.tgz",
            "integrity": "sha512-qoRRSyROncaz1z0mvYqIE4lCd9p2R90i6GxW3uZv5ucSu8tU7B5HXUP1gG8pVZsYNVaXjk8ClXHPttLyxAL48A=="
        },
        "suncalc": {
            "version": "1.8.0",
            "resolved": "https://registry.npmjs.org/suncalc/-/suncalc-1.8.0.tgz",
            "integrity": "sha1-HZiYEJVjB4dQ9JlKlZ5lTYdqy/U="
        },
        "suncalc2": {
            "version": "1.8.1",
            "resolved": "https://registry.npmjs.org/suncalc2/-/suncalc2-1.8.1.tgz",
            "integrity": "sha512-tNoAni1LqWzBzJRX3NRCsD50gVsuejH1jd9Y+XyKO3WkpPIU+QNyWF4Zf2JnUQKW2LKLWIBgVDQCrgsQwqs0tA=="
        },
        "ts-node": {
            "version": "10.2.1",
            "resolved": "https://registry.npmjs.org/ts-node/-/ts-node-10.2.1.tgz",
            "integrity": "sha512-hCnyOyuGmD5wHleOQX6NIjJtYVIO8bPP8F2acWkB4W06wdlkgyvJtubO/I9NkI88hCFECbsEgoLc0VNkYmcSfw==",
            "dev": true,
            "requires": {
                "@cspotcode/source-map-support": "0.6.1",
                "@tsconfig/node10": "^1.0.7",
                "@tsconfig/node12": "^1.0.7",
                "@tsconfig/node14": "^1.0.0",
                "@tsconfig/node16": "^1.0.2",
                "acorn": "^8.4.1",
                "acorn-walk": "^8.1.1",
                "arg": "^4.1.0",
                "create-require": "^1.1.0",
                "diff": "^4.0.1",
                "make-error": "^1.1.1",
                "yn": "3.1.1"
            }
        },
        "typescript": {
            "version": "4.4.2",
            "resolved": "https://registry.npmjs.org/typescript/-/typescript-4.4.2.tgz",
            "integrity": "sha512-gzP+t5W4hdy4c+68bfcv0t400HVJMMd2+H9B7gae1nQlBzCqvrXX+6GL/b3GAgyTH966pzrZ70/fRjwAtZksSQ==",
            "dev": true
        },
        "uuid": {
            "version": "8.3.2",
            "resolved": "https://registry.npmjs.org/uuid/-/uuid-8.3.2.tgz",
            "integrity": "sha512-+NYs2QeMWy+GWFOEm9xnn6HCDp0l7QBD7ml8zLUmJ+93Q5NF0NocErnwkTkXVFNiX3/fpC6afS8Dhb/gz7R7eg=="
        },
        "weak-daemon": {
            "version": "1.0.3",
            "resolved": "https://registry.npmjs.org/weak-daemon/-/weak-daemon-1.0.3.tgz",
            "integrity": "sha512-9OLYp5qQSxpnTIyuA1zJ7at3DV2DSBcbdXduC/3QFPeYjF30Lh1nfBrG+VLf4QUvZPz2lXFPu08oIRzWQfucVQ=="
        },
        "yn": {
            "version": "3.1.1",
            "resolved": "https://registry.npmjs.org/yn/-/yn-3.1.1.tgz",
            "integrity": "sha512-Ux4ygGWsu2c7isFWe8Yu1YluJmqVhxqK2cLXNQA5AcC3QfbGNpM7fu0Y8b/z16pXLnFxZYvWhd3fhBY9DLmC6Q==",
            "dev": true
        }
    }
}
